// !$*UTF8*$!
{
	archiveVersion = 1;
	classes = {
	};
	objectVersion = 56;
	objects = {

/* Begin PBXBuildFile section */
		80EC094F2AEFA88B00C644F7 /* AppDelegate.swift in Sources */ = {isa = PBXBuildFile; fileRef = 80EC094E2AEFA88B00C644F7 /* AppDelegate.swift */; };
		80EC09512AEFA88B00C644F7 /* SceneDelegate.swift in Sources */ = {isa = PBXBuildFile; fileRef = 80EC09502AEFA88B00C644F7 /* SceneDelegate.swift */; };
		80EC09532AEFA88B00C644F7 /* CategoryController.swift in Sources */ = {isa = PBXBuildFile; fileRef = 80EC09522AEFA88B00C644F7 /* CategoryController.swift */; };
		80EC09562AEFA88B00C644F7 /* Main.storyboard in Resources */ = {isa = PBXBuildFile; fileRef = 80EC09542AEFA88B00C644F7 /* Main.storyboard */; };
		80EC09592AEFA88B00C644F7 /* ToDo_CoreData.xcdatamodeld in Sources */ = {isa = PBXBuildFile; fileRef = 80EC09572AEFA88B00C644F7 /* ToDo_CoreData.xcdatamodeld */; };
		80EC095B2AEFA88E00C644F7 /* Assets.xcassets in Resources */ = {isa = PBXBuildFile; fileRef = 80EC095A2AEFA88E00C644F7 /* Assets.xcassets */; };
		80EC095E2AEFA88E00C644F7 /* LaunchScreen.storyboard in Resources */ = {isa = PBXBuildFile; fileRef = 80EC095C2AEFA88E00C644F7 /* LaunchScreen.storyboard */; };
		80EC096C2AEFADB400C644F7 /* CoreData.swift in Sources */ = {isa = PBXBuildFile; fileRef = 80EC096B2AEFADB400C644F7 /* CoreData.swift */; };
		80EC096E2AEFC67900C644F7 /* DetailController.swift in Sources */ = {isa = PBXBuildFile; fileRef = 80EC096D2AEFC67900C644F7 /* DetailController.swift */; };
/* End PBXBuildFile section */

/* Begin PBXFileReference section */
		80EC094B2AEFA88B00C644F7 /* ToDo_CoreData.app */ = {isa = PBXFileReference; explicitFileType = wrapper.application; includeInIndex = 0; path = ToDo_CoreData.app; sourceTree = BUILT_PRODUCTS_DIR; };
		80EC094E2AEFA88B00C644F7 /* AppDelegate.swift */ = {isa = PBXFileReference; lastKnownFileType = sourcecode.swift; path = AppDelegate.swift; sourceTree = "<group>"; };
		80EC09502AEFA88B00C644F7 /* SceneDelegate.swift */ = {isa = PBXFileReference; lastKnownFileType = sourcecode.swift; path = SceneDelegate.swift; sourceTree = "<group>"; };
		80EC09522AEFA88B00C644F7 /* CategoryController.swift */ = {isa = PBXFileReference; lastKnownFileType = sourcecode.swift; path = CategoryController.swift; sourceTree = "<group>"; };
		80EC09552AEFA88B00C644F7 /* Base */ = {isa = PBXFileReference; lastKnownFileType = file.storyboard; name = Base; path = Base.lproj/Main.storyboard; sourceTree = "<group>"; };
		80EC09582AEFA88B00C644F7 /* ToDo_CoreData.xcdatamodel */ = {isa = PBXFileReference; lastKnownFileType = wrapper.xcdatamodel; path = ToDo_CoreData.xcdatamodel; sourceTree = "<group>"; };
		80EC095A2AEFA88E00C644F7 /* Assets.xcassets */ = {isa = PBXFileReference; lastKnownFileType = folder.assetcatalog; path = Assets.xcassets; sourceTree = "<group>"; };
		80EC095D2AEFA88E00C644F7 /* Base */ = {isa = PBXFileReference; lastKnownFileType = file.storyboard; name = Base; path = Base.lproj/LaunchScreen.storyboard; sourceTree = "<group>"; };
		80EC095F2AEFA88E00C644F7 /* Info.plist */ = {isa = PBXFileReference; lastKnownFileType = text.plist.xml; path = Info.plist; sourceTree = "<group>"; };
		80EC096B2AEFADB400C644F7 /* CoreData.swift */ = {isa = PBXFileReference; lastKnownFileType = sourcecode.swift; path = CoreData.swift; sourceTree = "<group>"; };
		80EC096D2AEFC67900C644F7 /* DetailController.swift */ = {isa = PBXFileReference; lastKnownFileType = sourcecode.swift; path = DetailController.swift; sourceTree = "<group>"; };
/* End PBXFileReference section */

/* Begin PBXFrameworksBuildPhase section */
		80EC09482AEFA88B00C644F7 /* Frameworks */ = {
			isa = PBXFrameworksBuildPhase;
			buildActionMask = 2147483647;
			files = (
			);
			runOnlyForDeploymentPostprocessing = 0;
		};
/* End PBXFrameworksBuildPhase section */

/* Begin PBXGroup section */
		80EC09422AEFA88B00C644F7 = {
			isa = PBXGroup;
			children = (
				80EC094D2AEFA88B00C644F7 /* ToDo_CoreData */,
				80EC094C2AEFA88B00C644F7 /* Products */,
			);
			sourceTree = "<group>";
		};
		80EC094C2AEFA88B00C644F7 /* Products */ = {
			isa = PBXGroup;
			children = (
				80EC094B2AEFA88B00C644F7 /* ToDo_CoreData.app */,
			);
			name = Products;
			sourceTree = "<group>";
		};
		80EC094D2AEFA88B00C644F7 /* ToDo_CoreData */ = {
			isa = PBXGroup;
			children = (
				80EC094E2AEFA88B00C644F7 /* AppDelegate.swift */,
				80EC09502AEFA88B00C644F7 /* SceneDelegate.swift */,
				80EC09672AEFAC8B00C644F7 /* model */,
				80EC09662AEFAA5A00C644F7 /* controllers */,
				80EC09652AEFAA4E00C644F7 /* views */,
				80EC095A2AEFA88E00C644F7 /* Assets.xcassets */,
				80EC095C2AEFA88E00C644F7 /* LaunchScreen.storyboard */,
				80EC095F2AEFA88E00C644F7 /* Info.plist */,
			);
			path = ToDo_CoreData;
			sourceTree = "<group>";
		};
		80EC09652AEFAA4E00C644F7 /* views */ = {
			isa = PBXGroup;
			children = (
				80EC09542AEFA88B00C644F7 /* Main.storyboard */,
			);
			path = views;
			sourceTree = "<group>";
		};
		80EC09662AEFAA5A00C644F7 /* controllers */ = {
			isa = PBXGroup;
			children = (
				80EC09522AEFA88B00C644F7 /* CategoryController.swift */,
				80EC096D2AEFC67900C644F7 /* DetailController.swift */,
			);
			path = controllers;
			sourceTree = "<group>";
		};
		80EC09672AEFAC8B00C644F7 /* model */ = {
			isa = PBXGroup;
			children = (
				80EC09572AEFA88B00C644F7 /* ToDo_CoreData.xcdatamodeld */,
				80EC096B2AEFADB400C644F7 /* CoreData.swift */,
			);
			path = model;
			sourceTree = "<group>";
		};
/* End PBXGroup section */

/* Begin PBXNativeTarget section */
		80EC094A2AEFA88B00C644F7 /* ToDo_CoreData */ = {
			isa = PBXNativeTarget;
			buildConfigurationList = 80EC09622AEFA88E00C644F7 /* Build configuration list for PBXNativeTarget "ToDo_CoreData" */;
			buildPhases = (
				80EC09472AEFA88B00C644F7 /* Sources */,
				80EC09482AEFA88B00C644F7 /* Frameworks */,
				80EC09492AEFA88B00C644F7 /* Resources */,
			);
			buildRules = (
			);
			dependencies = (
			);
			name = ToDo_CoreData;
			productName = ToDo_CoreData;
			productReference = 80EC094B2AEFA88B00C644F7 /* ToDo_CoreData.app */;
			productType = "com.apple.product-type.application";
		};
/* End PBXNativeTarget section */

/* Begin PBXProject section */
		80EC09432AEFA88B00C644F7 /* Project object */ = {
			isa = PBXProject;
			attributes = {
				BuildIndependentTargetsInParallel = 1;
				LastSwiftUpdateCheck = 1500;
				LastUpgradeCheck = 1500;
				TargetAttributes = {
					80EC094A2AEFA88B00C644F7 = {
						CreatedOnToolsVersion = 15.0.1;
					};
				};
			};
			buildConfigurationList = 80EC09462AEFA88B00C644F7 /* Build configuration list for PBXProject "ToDo_CoreData" */;
			compatibilityVersion = "Xcode 14.0";
			developmentRegion = en;
			hasScannedForEncodings = 0;
			knownRegions = (
				en,
				Base,
			);
			mainGroup = 80EC09422AEFA88B00C644F7;
			productRefGroup = 80EC094C2AEFA88B00C644F7 /* Products */;
			projectDirPath = "";
			projectRoot = "";
			targets = (
				80EC094A2AEFA88B00C644F7 /* ToDo_CoreData */,
			);
		};
/* End PBXProject section */

/* Begin PBXResourcesBuildPhase section */
		80EC09492AEFA88B00C644F7 /* Resources */ = {
			isa = PBXResourcesBuildPhase;
			buildActionMask = 2147483647;
			files = (
				80EC095E2AEFA88E00C644F7 /* LaunchScreen.storyboard in Resources */,
				80EC095B2AEFA88E00C644F7 /* Assets.xcassets in Resources */,
				80EC09562AEFA88B00C644F7 /* Main.storyboard in Resources */,
			);
			runOnlyForDeploymentPostprocessing = 0;
		};
/* End PBXResourcesBuildPhase section */

/* Begin PBXSourcesBuildPhase section */
		80EC09472AEFA88B00C644F7 /* Sources */ = {
			isa = PBXSourcesBuildPhase;
			buildActionMask = 2147483647;
			files = (
				80EC09532AEFA88B00C644F7 /* CategoryController.swift in Sources */,
				80EC094F2AEFA88B00C644F7 /* AppDelegate.swift in Sources */,
				80EC09592AEFA88B00C644F7 /* ToDo_CoreData.xcdatamodeld in Sources */,
				80EC09512AEFA88B00C644F7 /* SceneDelegate.swift in Sources */,
				80EC096E2AEFC67900C644F7 /* DetailController.swift in Sources */,
				80EC096C2AEFADB400C644F7 /* CoreData.swift in Sources */,
			);
			runOnlyForDeploymentPostprocessing = 0;
		};
/* End PBXSourcesBuildPhase section */

/* Begin PBXVariantGroup section */
		80EC09542AEFA88B00C644F7 /* Main.storyboard */ = {
			isa = PBXVariantGroup;
			children = (
				80EC09552AEFA88B00C644F7 /* Base */,
			);
			name = Main.storyboard;
			sourceTree = "<group>";
		};
		80EC095C2AEFA88E00C644F7 /* LaunchScreen.storyboard */ = {
			isa = PBXVariantGroup;
			children = (
				80EC095D2AEFA88E00C644F7 /* Base */,
			);
			name = LaunchScreen.storyboard;
			sourceTree = "<group>";
		};
/* End PBXVariantGroup section */

/* Begin XCBuildConfiguration section */
		80EC09602AEFA88E00C644F7 /* Debug */ = {
			isa = XCBuildConfiguration;
			buildSettings = {
				ALWAYS_SEARCH_USER_PATHS = NO;
				ASSETCATALOG_COMPILER_GENERATE_SWIFT_ASSET_SYMBOL_EXTENSIONS = YES;
				CLANG_ANALYZER_NONNULL = YES;
				CLANG_ANALYZER_NUMBER_OBJECT_CONVERSION = YES_AGGRESSIVE;
				CLANG_CXX_LANGUAGE_STANDARD = "gnu++20";
				CLANG_ENABLE_MODULES = YES;
				CLANG_ENABLE_OBJC_ARC = YES;
				CLANG_ENABLE_OBJC_WEAK = YES;
				CLANG_WARN_BLOCK_CAPTURE_AUTORELEASING = YES;
				CLANG_WARN_BOOL_CONVERSION = YES;
				CLANG_WARN_COMMA = YES;
				CLANG_WARN_CONSTANT_CONVERSION = YES;
				CLANG_WARN_DEPRECATED_OBJC_IMPLEMENTATIONS = YES;
				CLANG_WARN_DIRECT_OBJC_ISA_USAGE = YES_ERROR;
				CLANG_WARN_DOCUMENTATION_COMMENTS = YES;
				CLANG_WARN_EMPTY_BODY = YES;
				CLANG_WARN_ENUM_CONVERSION = YES;
				CLANG_WARN_INFINITE_RECURSION = YES;
				CLANG_WARN_INT_CONVERSION = YES;
				CLANG_WARN_NON_LITERAL_NULL_CONVERSION = YES;
				CLANG_WARN_OBJC_IMPLICIT_RETAIN_SELF = YES;
				CLANG_WARN_OBJC_LITERAL_CONVERSION = YES;
				CLANG_WARN_OBJC_ROOT_CLASS = YES_ERROR;
				CLANG_WARN_QUOTED_INCLUDE_IN_FRAMEWORK_HEADER = YES;
				CLANG_WARN_RANGE_LOOP_ANALYSIS = YES;
				CLANG_WARN_STRICT_PROTOTYPES = YES;
				CLANG_WARN_SUSPICIOUS_MOVE = YES;
				CLANG_WARN_UNGUARDED_AVAILABILITY = YES_AGGRESSIVE;
				CLANG_WARN_UNREACHABLE_CODE = YES;
				CLANG_WARN__DUPLICATE_METHOD_MATCH = YES;
				COPY_PHASE_STRIP = NO;
				DEBUG_INFORMATION_FORMAT = dwarf;
				ENABLE_STRICT_OBJC_MSGSEND = YES;
				ENABLE_TESTABILITY = YES;
				ENABLE_USER_SCRIPT_SANDBOXING = YES;
				GCC_C_LANGUAGE_STANDARD = gnu17;
				GCC_DYNAMIC_NO_PIC = NO;
				GCC_NO_COMMON_BLOCKS = YES;
				GCC_OPTIMIZATION_LEVEL = 0;
				GCC_PREPROCESSOR_DEFINITIONS = (
					"DEBUG=1",
					"$(inherited)",
				);
				GCC_WARN_64_TO_32_BIT_CONVERSION = YES;
				GCC_WARN_ABOUT_RETURN_TYPE = YES_ERROR;
				GCC_WARN_UNDECLARED_SELECTOR = YES;
				GCC_WARN_UNINITIALIZED_AUTOS = YES_AGGRESSIVE;
				GCC_WARN_UNUSED_FUNCTION = YES;
				GCC_WARN_UNUSED_VARIABLE = YES;
				IPHONEOS_DEPLOYMENT_TARGET = 17.0;
				LOCALIZATION_PREFERS_STRING_CATALOGS = YES;
				MTL_ENABLE_DEBUG_INFO = INCLUDE_SOURCE;
				MTL_FAST_MATH = YES;
				ONLY_ACTIVE_ARCH = YES;
				SDKROOT = iphoneos;
				SWIFT_ACTIVE_COMPILATION_CONDITIONS = "DEBUG $(inherited)";
				SWIFT_OPTIMIZATION_LEVEL = "-Onone";
			};
			name = Debug;
		};
		80EC09612AEFA88E00C644F7 /* Release */ = {
			isa = XCBuildConfiguration;
			buildSettings = {
				ALWAYS_SEARCH_USER_PATHS = NO;
				ASSETCATALOG_COMPILER_GENERATE_SWIFT_ASSET_SYMBOL_EXTENSIONS = YES;
				CLANG_ANALYZER_NONNULL = YES;
				CLANG_ANALYZER_NUMBER_OBJECT_CONVERSION = YES_AGGRESSIVE;
				CLANG_CXX_LANGUAGE_STANDARD = "gnu++20";
				CLANG_ENABLE_MODULES = YES;
				CLANG_ENABLE_OBJC_ARC = YES;
				CLANG_ENABLE_OBJC_WEAK = YES;
				CLANG_WARN_BLOCK_CAPTURE_AUTORELEASING = YES;
				CLANG_WARN_BOOL_CONVERSION = YES;
				CLANG_WARN_COMMA = YES;
				CLANG_WARN_CONSTANT_CONVERSION = YES;
				CLANG_WARN_DEPRECATED_OBJC_IMPLEMENTATIONS = YES;
				CLANG_WARN_DIRECT_OBJC_ISA_USAGE = YES_ERROR;
				CLANG_WARN_DOCUMENTATION_COMMENTS = YES;
				CLANG_WARN_EMPTY_BODY = YES;
				CLANG_WARN_ENUM_CONVERSION = YES;
				CLANG_WARN_INFINITE_RECURSION = YES;
				CLANG_WARN_INT_CONVERSION = YES;
				CLANG_WARN_NON_LITERAL_NULL_CONVERSION = YES;
				CLANG_WARN_OBJC_IMPLICIT_RETAIN_SELF = YES;
				CLANG_WARN_OBJC_LITERAL_CONVERSION = YES;
				CLANG_WARN_OBJC_ROOT_CLASS = YES_ERROR;
				CLANG_WARN_QUOTED_INCLUDE_IN_FRAMEWORK_HEADER = YES;
				CLANG_WARN_RANGE_LOOP_ANALYSIS = YES;
				CLANG_WARN_STRICT_PROTOTYPES = YES;
				CLANG_WARN_SUSPICIOUS_MOVE = YES;
				CLANG_WARN_UNGUARDED_AVAILABILITY = YES_AGGRESSIVE;
				CLANG_WARN_UNREACHABLE_CODE = YES;
				CLANG_WARN__DUPLICATE_METHOD_MATCH = YES;
				COPY_PHASE_STRIP = NO;
				DEBUG_INFORMATION_FORMAT = "dwarf-with-dsym";
				ENABLE_NS_ASSERTIONS = NO;
				ENABLE_STRICT_OBJC_MSGSEND = YES;
				ENABLE_USER_SCRIPT_SANDBOXING = YES;
				GCC_C_LANGUAGE_STANDARD = gnu17;
				GCC_NO_COMMON_BLOCKS = YES;
				GCC_WARN_64_TO_32_BIT_CONVERSION = YES;
				GCC_WARN_ABOUT_RETURN_TYPE = YES_ERROR;
				GCC_WARN_UNDECLARED_SELECTOR = YES;
				GCC_WARN_UNINITIALIZED_AUTOS = YES_AGGRESSIVE;
				GCC_WARN_UNUSED_FUNCTION = YES;
				GCC_WARN_UNUSED_VARIABLE = YES;
				IPHONEOS_DEPLOYMENT_TARGET = 17.0;
				LOCALIZATION_PREFERS_STRING_CATALOGS = YES;
				MTL_ENABLE_DEBUG_INFO = NO;
				MTL_FAST_MATH = YES;
				SDKROOT = iphoneos;
				SWIFT_COMPILATION_MODE = wholemodule;
				VALIDATE_PRODUCT = YES;
			};
			name = Release;
		};
		80EC09632AEFA88E00C644F7 /* Debug */ = {
			isa = XCBuildConfiguration;
			buildSettings = {
				ASSETCATALOG_COMPILER_APPICON_NAME = AppIcon;
				ASSETCATALOG_COMPILER_GLOBAL_ACCENT_COLOR_NAME = AccentColor;
				CODE_SIGN_STYLE = Automatic;
				CURRENT_PROJECT_VERSION = 1;
				GENERATE_INFOPLIST_FILE = YES;
				INFOPLIST_FILE = ToDo_CoreData/Info.plist;
				INFOPLIST_KEY_UIApplicationSupportsIndirectInputEvents = YES;
				INFOPLIST_KEY_UILaunchStoryboardName = LaunchScreen;
				INFOPLIST_KEY_UIMainStoryboardFile = Main;
				INFOPLIST_KEY_UISupportedInterfaceOrientations_iPad = "UIInterfaceOrientationPortrait UIInterfaceOrientationPortraitUpsideDown UIInterfaceOrientationLandscapeLeft UIInterfaceOrientationLandscapeRight";
				INFOPLIST_KEY_UISupportedInterfaceOrientations_iPhone = "UIInterfaceOrientationPortrait UIInterfaceOrientationLandscapeLeft UIInterfaceOrientationLandscapeRight";
				LD_RUNPATH_SEARCH_PATHS = (
					"$(inherited)",
					"@executable_path/Frameworks",
				);
				MARKETING_VERSION = 1.0;
				PRODUCT_BUNDLE_IDENTIFIER = "febby.ToDo-CoreData";
				PRODUCT_NAME = "$(TARGET_NAME)";
				SWIFT_EMIT_LOC_STRINGS = YES;
				SWIFT_VERSION = 5.0;
				TARGETED_DEVICE_FAMILY = "1,2";
			};
			name = Debug;
		};
		80EC09642AEFA88E00C644F7 /* Release */ = {
			isa = XCBuildConfiguration;
			buildSettings = {
				ASSETCATALOG_COMPILER_APPICON_NAME = AppIcon;
				ASSETCATALOG_COMPILER_GLOBAL_ACCENT_COLOR_NAME = AccentColor;
				CODE_SIGN_STYLE = Automatic;
				CURRENT_PROJECT_VERSION = 1;
				GENERATE_INFOPLIST_FILE = YES;
				INFOPLIST_FILE = ToDo_CoreData/Info.plist;
				INFOPLIST_KEY_UIApplicationSupportsIndirectInputEvents = YES;
				INFOPLIST_KEY_UILaunchStoryboardName = LaunchScreen;
				INFOPLIST_KEY_UIMainStoryboardFile = Main;
				INFOPLIST_KEY_UISupportedInterfaceOrientations_iPad = "UIInterfaceOrientationPortrait UIInterfaceOrientationPortraitUpsideDown UIInterfaceOrientationLandscapeLeft UIInterfaceOrientationLandscapeRight";
				INFOPLIST_KEY_UISupportedInterfaceOrientations_iPhone = "UIInterfaceOrientationPortrait UIInterfaceOrientationLandscapeLeft UIInterfaceOrientationLandscapeRight";
				LD_RUNPATH_SEARCH_PATHS = (
					"$(inherited)",
					"@executable_path/Frameworks",
				);
				MARKETING_VERSION = 1.0;
				PRODUCT_BUNDLE_IDENTIFIER = "febby.ToDo-CoreData";
				PRODUCT_NAME = "$(TARGET_NAME)";
				SWIFT_EMIT_LOC_STRINGS = YES;
				SWIFT_VERSION = 5.0;
				TARGETED_DEVICE_FAMILY = "1,2";
			};
			name = Release;
		};
/* End XCBuildConfiguration section */

/* Begin XCConfigurationList section */
		80EC09462AEFA88B00C644F7 /* Build configuration list for PBXProject "ToDo_CoreData" */ = {
			isa = XCConfigurationList;
			buildConfigurations = (
				80EC09602AEFA88E00C644F7 /* Debug */,
				80EC09612AEFA88E00C644F7 /* Release */,
			);
			defaultConfigurationIsVisible = 0;
			defaultConfigurationName = Release;
		};
		80EC09622AEFA88E00C644F7 /* Build configuration list for PBXNativeTarget "ToDo_CoreData" */ = {
			isa = XCConfigurationList;
			buildConfigurations = (
				80EC09632AEFA88E00C644F7 /* Debug */,
				80EC09642AEFA88E00C644F7 /* Release */,
			);
			defaultConfigurationIsVisible = 0;
			defaultConfigurationName = Release;
		};
/* End XCConfigurationList section */

/* Begin XCVersionGroup section */
		80EC09572AEFA88B00C644F7 /* ToDo_CoreData.xcdatamodeld */ = {
			isa = XCVersionGroup;
			children = (
				80EC09582AEFA88B00C644F7 /* ToDo_CoreData.xcdatamodel */,
			);
			currentVersion = 80EC09582AEFA88B00C644F7 /* ToDo_CoreData.xcdatamodel */;
			path = ToDo_CoreData.xcdatamodeld;
			sourceTree = "<group>";
			versionGroupType = wrapper.xcdatamodel;
		};
/* End XCVersionGroup section */
	};
	rootObject = 80EC09432AEFA88B00C644F7 /* Project object */;
}
